
Microsoft Visual Studio Solution File, Format Version 12.00
# Visual Studio 15
VisualStudioVersion = 15.0.27703.2042
MinimumVisualStudioVersion = 10.0.40219.1
Project("{FAE04EC0-301F-11D3-BF4B-00C04F79EFBC}") = "McLaughlin_GA", "McLaughlin_GA\McLaughlin_GA.csproj", "{154725AB-136A-48F0-9225-B342C684FFCC}"
EndProject
Global
	GlobalSection(SolutionConfigurationPlatforms) = preSolution
		Debug|Any CPU = Debug|Any CPU
		Release|Any CPU = Release|Any CPU
	EndGlobalSection
	GlobalSection(ProjectConfigurationPlatforms) = postSolution
		{154725AB-136A-48F0-9225-B342C684FFCC}.Debug|Any CPU.ActiveCfg = Debug|Any CPU
		{154725AB-136A-48F0-9225-B342C684FFCC}.Debug|Any CPU.Build.0 = Debug|Any CPU
		{154725AB-136A-48F0-9225-B342C684FFCC}.Release|Any CPU.ActiveCfg = Release|Any CPU
		{154725AB-136A-48F0-9225-B342C684FFCC}.Release|Any CPU.Build.0 = Release|Any CPU
	EndGlobalSection
	GlobalSection(SolutionProperties) = preSolution
		HideSolutionNode = FALSE
	EndGlobalSection
	GlobalSection(ExtensibilityGlobals) = postSolution
		SolutionGuid = {947DCAA2-DF2C-4104-9550-E6D5074BABBC}
	EndGlobalSection
EndGlobal
